// !$*UTF8*$!
{
	archiveVersion = 1;
	classes = {
	};
	objectVersion = 56;
	objects = {

/* Begin PBXBuildFile section */
		7205FA202AAE9944008E6C4C /* AppDelegate.swift in Sources */ = {isa = PBXBuildFile; fileRef = 7205FA1F2AAE9944008E6C4C /* AppDelegate.swift */; };
		7205FA222AAE9944008E6C4C /* SceneDelegate.swift in Sources */ = {isa = PBXBuildFile; fileRef = 7205FA212AAE9944008E6C4C /* SceneDelegate.swift */; };
		7205FA242AAE9944008E6C4C /* ViewController.swift in Sources */ = {isa = PBXBuildFile; fileRef = 7205FA232AAE9944008E6C4C /* ViewController.swift */; };
		7205FA272AAE9944008E6C4C /* Main.storyboard in Resources */ = {isa = PBXBuildFile; fileRef = 7205FA252AAE9944008E6C4C /* Main.storyboard */; };
		7205FA292AAE9945008E6C4C /* Assets.xcassets in Resources */ = {isa = PBXBuildFile; fileRef = 7205FA282AAE9945008E6C4C /* Assets.xcassets */; };
		7205FA2C2AAE9945008E6C4C /* LaunchScreen.storyboard in Resources */ = {isa = PBXBuildFile; fileRef = 7205FA2A2AAE9945008E6C4C /* LaunchScreen.storyboard */; };
		7205FA3D2AAEAE21008E6C4C /* Localizable.strings in Resources */ = {isa = PBXBuildFile; fileRef = 7205FA3F2AAEAE21008E6C4C /* Localizable.strings */; };
		7205FA432AAEB131008E6C4C /* StringKey.swift in Sources */ = {isa = PBXBuildFile; fileRef = 7205FA422AAEB131008E6C4C /* StringKey.swift */; };
		7205FA452AAEBB35008E6C4C /* Extension+String.swift in Sources */ = {isa = PBXBuildFile; fileRef = 7205FA442AAEBB35008E6C4C /* Extension+String.swift */; };
		7205FA4F2AAFED54008E6C4C /* LoginViewController.swift in Sources */ = {isa = PBXBuildFile; fileRef = 7205FA4E2AAFED54008E6C4C /* LoginViewController.swift */; };
		7205FA522AAFF2FC008E6C4C /* Observable.swift in Sources */ = {isa = PBXBuildFile; fileRef = 7205FA512AAFF2FC008E6C4C /* Observable.swift */; };
		7205FA552AAFF35D008E6C4C /* RxCocoa in Frameworks */ = {isa = PBXBuildFile; productRef = 7205FA542AAFF35D008E6C4C /* RxCocoa */; };
		7205FA572AAFF35D008E6C4C /* RxSwift in Frameworks */ = {isa = PBXBuildFile; productRef = 7205FA562AAFF35D008E6C4C /* RxSwift */; };
		7205FA592AAFFEAC008E6C4C /* SampleViewController.swift in Sources */ = {isa = PBXBuildFile; fileRef = 7205FA582AAFFEAC008E6C4C /* SampleViewController.swift */; };
		7205FA5B2AAFFED3008E6C4C /* User.swift in Sources */ = {isa = PBXBuildFile; fileRef = 7205FA5A2AAFFED3008E6C4C /* User.swift */; };
		7205FA5D2AB00157008E6C4C /* SampleViewModel.swift in Sources */ = {isa = PBXBuildFile; fileRef = 7205FA5C2AB00157008E6C4C /* SampleViewModel.swift */; };
		7205FA5F2AB00E57008E6C4C /* LoginViewModel.swift in Sources */ = {isa = PBXBuildFile; fileRef = 7205FA5E2AB00E57008E6C4C /* LoginViewModel.swift */; };
		7205FA622AB02A65008E6C4C /* Photo.swift in Sources */ = {isa = PBXBuildFile; fileRef = 7205FA612AB02A65008E6C4C /* Photo.swift */; };
		7205FA642AB02A7D008E6C4C /* APIService.swift in Sources */ = {isa = PBXBuildFile; fileRef = 7205FA632AB02A7D008E6C4C /* APIService.swift */; };
		7205FA672AB02B70008E6C4C /* PhotoViewController.swift in Sources */ = {isa = PBXBuildFile; fileRef = 7205FA662AB02B70008E6C4C /* PhotoViewController.swift */; };
		7205FA692AB02C95008E6C4C /* PhotoViewModel.swift in Sources */ = {isa = PBXBuildFile; fileRef = 7205FA682AB02C95008E6C4C /* PhotoViewModel.swift */; };
		7205FA6B2AB06138008E6C4C /* PhotoViewCell.swift in Sources */ = {isa = PBXBuildFile; fileRef = 7205FA6A2AB06138008E6C4C /* PhotoViewCell.swift */; };
		7205FA7B2AB1C0DB008E6C4C /* SnapKit in Frameworks */ = {isa = PBXBuildFile; productRef = 7205FA7A2AB1C0DB008E6C4C /* SnapKit */; };
		7205FA7E2AB1C64D008E6C4C /* Kingfisher in Frameworks */ = {isa = PBXBuildFile; productRef = 7205FA7D2AB1C64D008E6C4C /* Kingfisher */; };
		7205FA892AB29732008E6C4C /* SampleTableViewController.swift in Sources */ = {isa = PBXBuildFile; fileRef = 7205FA882AB29732008E6C4C /* SampleTableViewController.swift */; };
		7205FA8B2AB2A056008E6C4C /* SampleCollectionViewController.swift in Sources */ = {isa = PBXBuildFile; fileRef = 7205FA8A2AB2A056008E6C4C /* SampleCollectionViewController.swift */; };
/* End PBXBuildFile section */

/* Begin PBXFileReference section */
		7205FA1C2AAE9944008E6C4C /* Unsplash.app */ = {isa = PBXFileReference; explicitFileType = wrapper.application; includeInIndex = 0; path = Unsplash.app; sourceTree = BUILT_PRODUCTS_DIR; };
		7205FA1F2AAE9944008E6C4C /* AppDelegate.swift */ = {isa = PBXFileReference; lastKnownFileType = sourcecode.swift; path = AppDelegate.swift; sourceTree = "<group>"; };
		7205FA212AAE9944008E6C4C /* SceneDelegate.swift */ = {isa = PBXFileReference; lastKnownFileType = sourcecode.swift; path = SceneDelegate.swift; sourceTree = "<group>"; };
		7205FA232AAE9944008E6C4C /* ViewController.swift */ = {isa = PBXFileReference; lastKnownFileType = sourcecode.swift; path = ViewController.swift; sourceTree = "<group>"; };
		7205FA262AAE9944008E6C4C /* Base */ = {isa = PBXFileReference; lastKnownFileType = file.storyboard; name = Base; path = Base.lproj/Main.storyboard; sourceTree = "<group>"; };
		7205FA282AAE9945008E6C4C /* Assets.xcassets */ = {isa = PBXFileReference; lastKnownFileType = folder.assetcatalog; path = Assets.xcassets; sourceTree = "<group>"; };
		7205FA2B2AAE9945008E6C4C /* Base */ = {isa = PBXFileReference; lastKnownFileType = file.storyboard; name = Base; path = Base.lproj/LaunchScreen.storyboard; sourceTree = "<group>"; };
		7205FA342AAE9C08008E6C4C /* en */ = {isa = PBXFileReference; lastKnownFileType = text.plist.strings; name = en; path = en.lproj/Main.strings; sourceTree = "<group>"; };
		7205FA352AAE9CB2008E6C4C /* ja */ = {isa = PBXFileReference; lastKnownFileType = text.plist.strings; name = ja; path = ja.lproj/Main.strings; sourceTree = "<group>"; };
		7205FA362AAE9CB2008E6C4C /* ja */ = {isa = PBXFileReference; lastKnownFileType = text.plist.strings; name = ja; path = ja.lproj/LaunchScreen.strings; sourceTree = "<group>"; };
		7205FA372AAE9CBB008E6C4C /* ko */ = {isa = PBXFileReference; lastKnownFileType = text.plist.strings; name = ko; path = ko.lproj/Main.strings; sourceTree = "<group>"; };
		7205FA382AAE9CBC008E6C4C /* ko */ = {isa = PBXFileReference; lastKnownFileType = text.plist.strings; name = ko; path = ko.lproj/LaunchScreen.strings; sourceTree = "<group>"; };
		7205FA3E2AAEAE21008E6C4C /* en */ = {isa = PBXFileReference; lastKnownFileType = text.plist.strings; name = en; path = en.lproj/Localizable.strings; sourceTree = "<group>"; };
		7205FA402AAEAE3A008E6C4C /* ja */ = {isa = PBXFileReference; lastKnownFileType = text.plist.strings; name = ja; path = ja.lproj/Localizable.strings; sourceTree = "<group>"; };
		7205FA412AAEAE3E008E6C4C /* ko */ = {isa = PBXFileReference; lastKnownFileType = text.plist.strings; name = ko; path = ko.lproj/Localizable.strings; sourceTree = "<group>"; };
		7205FA422AAEB131008E6C4C /* StringKey.swift */ = {isa = PBXFileReference; lastKnownFileType = sourcecode.swift; path = StringKey.swift; sourceTree = "<group>"; };
		7205FA442AAEBB35008E6C4C /* Extension+String.swift */ = {isa = PBXFileReference; lastKnownFileType = sourcecode.swift; path = "Extension+String.swift"; sourceTree = "<group>"; };
		7205FA462AAEBD46008E6C4C /* Base */ = {isa = PBXFileReference; lastKnownFileType = text.plist.xml; name = Base; path = Base.lproj/Info.plist; sourceTree = "<group>"; };
		7205FA4E2AAFED54008E6C4C /* LoginViewController.swift */ = {isa = PBXFileReference; lastKnownFileType = sourcecode.swift; path = LoginViewController.swift; sourceTree = "<group>"; };
		7205FA512AAFF2FC008E6C4C /* Observable.swift */ = {isa = PBXFileReference; lastKnownFileType = sourcecode.swift; path = Observable.swift; sourceTree = "<group>"; };
		7205FA582AAFFEAC008E6C4C /* SampleViewController.swift */ = {isa = PBXFileReference; lastKnownFileType = sourcecode.swift; path = SampleViewController.swift; sourceTree = "<group>"; };
		7205FA5A2AAFFED3008E6C4C /* User.swift */ = {isa = PBXFileReference; lastKnownFileType = sourcecode.swift; path = User.swift; sourceTree = "<group>"; };
		7205FA5C2AB00157008E6C4C /* SampleViewModel.swift */ = {isa = PBXFileReference; lastKnownFileType = sourcecode.swift; path = SampleViewModel.swift; sourceTree = "<group>"; };
		7205FA5E2AB00E57008E6C4C /* LoginViewModel.swift */ = {isa = PBXFileReference; lastKnownFileType = sourcecode.swift; path = LoginViewModel.swift; sourceTree = "<group>"; };
		7205FA612AB02A65008E6C4C /* Photo.swift */ = {isa = PBXFileReference; lastKnownFileType = sourcecode.swift; path = Photo.swift; sourceTree = "<group>"; };
		7205FA632AB02A7D008E6C4C /* APIService.swift */ = {isa = PBXFileReference; lastKnownFileType = sourcecode.swift; path = APIService.swift; sourceTree = "<group>"; };
		7205FA662AB02B70008E6C4C /* PhotoViewController.swift */ = {isa = PBXFileReference; lastKnownFileType = sourcecode.swift; path = PhotoViewController.swift; sourceTree = "<group>"; };
		7205FA682AB02C95008E6C4C /* PhotoViewModel.swift */ = {isa = PBXFileReference; lastKnownFileType = sourcecode.swift; path = PhotoViewModel.swift; sourceTree = "<group>"; };
		7205FA6A2AB06138008E6C4C /* PhotoViewCell.swift */ = {isa = PBXFileReference; lastKnownFileType = sourcecode.swift; path = PhotoViewCell.swift; sourceTree = "<group>"; };
		7205FA882AB29732008E6C4C /* SampleTableViewController.swift */ = {isa = PBXFileReference; lastKnownFileType = sourcecode.swift; path = SampleTableViewController.swift; sourceTree = "<group>"; };
		7205FA8A2AB2A056008E6C4C /* SampleCollectionViewController.swift */ = {isa = PBXFileReference; lastKnownFileType = sourcecode.swift; path = SampleCollectionViewController.swift; sourceTree = "<group>"; };
/* End PBXFileReference section */

/* Begin PBXFrameworksBuildPhase section */
		7205FA192AAE9944008E6C4C /* Frameworks */ = {
			isa = PBXFrameworksBuildPhase;
			buildActionMask = 2147483647;
			files = (
				7205FA7E2AB1C64D008E6C4C /* Kingfisher in Frameworks */,
				7205FA7B2AB1C0DB008E6C4C /* SnapKit in Frameworks */,
				7205FA572AAFF35D008E6C4C /* RxSwift in Frameworks */,
				7205FA552AAFF35D008E6C4C /* RxCocoa in Frameworks */,
			);
			runOnlyForDeploymentPostprocessing = 0;
		};
/* End PBXFrameworksBuildPhase section */

/* Begin PBXGroup section */
		7205FA132AAE9944008E6C4C = {
			isa = PBXGroup;
			children = (
				7205FA1E2AAE9944008E6C4C /* Unsplash */,
				7205FA1D2AAE9944008E6C4C /* Products */,
			);
			sourceTree = "<group>";
		};
		7205FA1D2AAE9944008E6C4C /* Products */ = {
			isa = PBXGroup;
			children = (
				7205FA1C2AAE9944008E6C4C /* Unsplash.app */,
			);
			name = Products;
			sourceTree = "<group>";
		};
		7205FA1E2AAE9944008E6C4C /* Unsplash */ = {
			isa = PBXGroup;
			children = (
				7205FA1F2AAE9944008E6C4C /* AppDelegate.swift */,
				7205FA212AAE9944008E6C4C /* SceneDelegate.swift */,
				7205FA232AAE9944008E6C4C /* ViewController.swift */,
				7205FA652AB02AEA008E6C4C /* Sample */,
				7205FA602AB02A50008E6C4C /* Photo */,
				7205FA4D2AAFED43008E6C4C /* Login */,
				7205FA422AAEB131008E6C4C /* StringKey.swift */,
				7205FA502AAFF030008E6C4C /* Extension */,
				7205FA252AAE9944008E6C4C /* Main.storyboard */,
				7205FA2A2AAE9945008E6C4C /* LaunchScreen.storyboard */,
				7205FA3F2AAEAE21008E6C4C /* Localizable.strings */,
				7205FA282AAE9945008E6C4C /* Assets.xcassets */,
				7205FA472AAEBD46008E6C4C /* Info.plist */,
			);
			path = Unsplash;
			sourceTree = "<group>";
		};
		7205FA4D2AAFED43008E6C4C /* Login */ = {
			isa = PBXGroup;
			children = (
				7205FA5A2AAFFED3008E6C4C /* User.swift */,
				7205FA4E2AAFED54008E6C4C /* LoginViewController.swift */,
				7205FA5E2AB00E57008E6C4C /* LoginViewModel.swift */,
				7205FA512AAFF2FC008E6C4C /* Observable.swift */,
			);
			path = Login;
			sourceTree = "<group>";
		};
		7205FA502AAFF030008E6C4C /* Extension */ = {
			isa = PBXGroup;
			children = (
				7205FA442AAEBB35008E6C4C /* Extension+String.swift */,
			);
			path = Extension;
			sourceTree = "<group>";
		};
		7205FA602AB02A50008E6C4C /* Photo */ = {
			isa = PBXGroup;
			children = (
				7205FA612AB02A65008E6C4C /* Photo.swift */,
				7205FA632AB02A7D008E6C4C /* APIService.swift */,
				7205FA662AB02B70008E6C4C /* PhotoViewController.swift */,
				7205FA6A2AB06138008E6C4C /* PhotoViewCell.swift */,
				7205FA682AB02C95008E6C4C /* PhotoViewModel.swift */,
			);
			path = Photo;
			sourceTree = "<group>";
		};
		7205FA652AB02AEA008E6C4C /* Sample */ = {
			isa = PBXGroup;
			children = (
				7205FA582AAFFEAC008E6C4C /* SampleViewController.swift */,
				7205FA5C2AB00157008E6C4C /* SampleViewModel.swift */,
				7205FA882AB29732008E6C4C /* SampleTableViewController.swift */,
				7205FA8A2AB2A056008E6C4C /* SampleCollectionViewController.swift */,
			);
			path = Sample;
			sourceTree = "<group>";
		};
/* End PBXGroup section */

/* Begin PBXNativeTarget section */
		7205FA1B2AAE9944008E6C4C /* Unsplash */ = {
			isa = PBXNativeTarget;
			buildConfigurationList = 7205FA302AAE9945008E6C4C /* Build configuration list for PBXNativeTarget "Unsplash" */;
			buildPhases = (
				7205FA182AAE9944008E6C4C /* Sources */,
				7205FA192AAE9944008E6C4C /* Frameworks */,
				7205FA1A2AAE9944008E6C4C /* Resources */,
			);
			buildRules = (
			);
			dependencies = (
			);
			name = Unsplash;
			packageProductDependencies = (
				7205FA542AAFF35D008E6C4C /* RxCocoa */,
				7205FA562AAFF35D008E6C4C /* RxSwift */,
				7205FA7A2AB1C0DB008E6C4C /* SnapKit */,
				7205FA7D2AB1C64D008E6C4C /* Kingfisher */,
			);
			productName = Unsplash;
			productReference = 7205FA1C2AAE9944008E6C4C /* Unsplash.app */;
			productType = "com.apple.product-type.application";
		};
/* End PBXNativeTarget section */

/* Begin PBXProject section */
		7205FA142AAE9944008E6C4C /* Project object */ = {
			isa = PBXProject;
			attributes = {
				BuildIndependentTargetsInParallel = 1;
				LastSwiftUpdateCheck = 1430;
				LastUpgradeCheck = 1430;
				TargetAttributes = {
					7205FA1B2AAE9944008E6C4C = {
						CreatedOnToolsVersion = 14.3;
					};
				};
			};
			buildConfigurationList = 7205FA172AAE9944008E6C4C /* Build configuration list for PBXProject "Unsplash" */;
			compatibilityVersion = "Xcode 14.0";
			developmentRegion = en;
			hasScannedForEncodings = 0;
			knownRegions = (
				en,
				Base,
				ja,
				ko,
			);
			mainGroup = 7205FA132AAE9944008E6C4C;
			packageReferences = (
				7205FA532AAFF35C008E6C4C /* XCRemoteSwiftPackageReference "RxSwift" */,
				7205FA792AB1C0DB008E6C4C /* XCRemoteSwiftPackageReference "SnapKit" */,
				7205FA7C2AB1C64D008E6C4C /* XCRemoteSwiftPackageReference "Kingfisher" */,
			);
			productRefGroup = 7205FA1D2AAE9944008E6C4C /* Products */;
			projectDirPath = "";
			projectRoot = "";
			targets = (
				7205FA1B2AAE9944008E6C4C /* Unsplash */,
			);
		};
/* End PBXProject section */

/* Begin PBXResourcesBuildPhase section */
		7205FA1A2AAE9944008E6C4C /* Resources */ = {
			isa = PBXResourcesBuildPhase;
			buildActionMask = 2147483647;
			files = (
				7205FA2C2AAE9945008E6C4C /* LaunchScreen.storyboard in Resources */,
				7205FA3D2AAEAE21008E6C4C /* Localizable.strings in Resources */,
				7205FA292AAE9945008E6C4C /* Assets.xcassets in Resources */,
				7205FA272AAE9944008E6C4C /* Main.storyboard in Resources */,
			);
			runOnlyForDeploymentPostprocessing = 0;
		};
/* End PBXResourcesBuildPhase section */

/* Begin PBXSourcesBuildPhase section */
		7205FA182AAE9944008E6C4C /* Sources */ = {
			isa = PBXSourcesBuildPhase;
			buildActionMask = 2147483647;
			files = (
				7205FA622AB02A65008E6C4C /* Photo.swift in Sources */,
				7205FA4F2AAFED54008E6C4C /* LoginViewController.swift in Sources */,
				7205FA452AAEBB35008E6C4C /* Extension+String.swift in Sources */,
				7205FA6B2AB06138008E6C4C /* PhotoViewCell.swift in Sources */,
				7205FA242AAE9944008E6C4C /* ViewController.swift in Sources */,
				7205FA692AB02C95008E6C4C /* PhotoViewModel.swift in Sources */,
				7205FA522AAFF2FC008E6C4C /* Observable.swift in Sources */,
				7205FA5D2AB00157008E6C4C /* SampleViewModel.swift in Sources */,
				7205FA202AAE9944008E6C4C /* AppDelegate.swift in Sources */,
				7205FA5B2AAFFED3008E6C4C /* User.swift in Sources */,
				7205FA8B2AB2A056008E6C4C /* SampleCollectionViewController.swift in Sources */,
				7205FA432AAEB131008E6C4C /* StringKey.swift in Sources */,
				7205FA642AB02A7D008E6C4C /* APIService.swift in Sources */,
				7205FA592AAFFEAC008E6C4C /* SampleViewController.swift in Sources */,
				7205FA672AB02B70008E6C4C /* PhotoViewController.swift in Sources */,
				7205FA892AB29732008E6C4C /* SampleTableViewController.swift in Sources */,
				7205FA5F2AB00E57008E6C4C /* LoginViewModel.swift in Sources */,
				7205FA222AAE9944008E6C4C /* SceneDelegate.swift in Sources */,
			);
			runOnlyForDeploymentPostprocessing = 0;
		};
/* End PBXSourcesBuildPhase section */

/* Begin PBXVariantGroup section */
		7205FA252AAE9944008E6C4C /* Main.storyboard */ = {
			isa = PBXVariantGroup;
			children = (
				7205FA262AAE9944008E6C4C /* Base */,
				7205FA342AAE9C08008E6C4C /* en */,
				7205FA352AAE9CB2008E6C4C /* ja */,
				7205FA372AAE9CBB008E6C4C /* ko */,
			);
			name = Main.storyboard;
			sourceTree = "<group>";
		};
		7205FA2A2AAE9945008E6C4C /* LaunchScreen.storyboard */ = {
			isa = PBXVariantGroup;
			children = (
				7205FA2B2AAE9945008E6C4C /* Base */,
				7205FA362AAE9CB2008E6C4C /* ja */,
				7205FA382AAE9CBC008E6C4C /* ko */,
			);
			name = LaunchScreen.storyboard;
			sourceTree = "<group>";
		};
		7205FA3F2AAEAE21008E6C4C /* Localizable.strings */ = {
			isa = PBXVariantGroup;
			children = (
				7205FA3E2AAEAE21008E6C4C /* en */,
				7205FA402AAEAE3A008E6C4C /* ja */,
				7205FA412AAEAE3E008E6C4C /* ko */,
			);
			name = Localizable.strings;
			sourceTree = "<group>";
		};
		7205FA472AAEBD46008E6C4C /* Info.plist */ = {
			isa = PBXVariantGroup;
			children = (
				7205FA462AAEBD46008E6C4C /* Base */,
			);
			name = Info.plist;
			sourceTree = "<group>";
		};
/* End PBXVariantGroup section */

/* Begin XCBuildConfiguration section */
		7205FA2E2AAE9945008E6C4C /* Debug */ = {
			isa = XCBuildConfiguration;
			buildSettings = {
				ALWAYS_SEARCH_USER_PATHS = NO;
				CLANG_ANALYZER_LOCALIZABILITY_NONLOCALIZED = YES;
				CLANG_ANALYZER_NONNULL = YES;
				CLANG_ANALYZER_NUMBER_OBJECT_CONVERSION = YES_AGGRESSIVE;
				CLANG_CXX_LANGUAGE_STANDARD = "gnu++20";
				CLANG_ENABLE_MODULES = YES;
				CLANG_ENABLE_OBJC_ARC = YES;
				CLANG_ENABLE_OBJC_WEAK = YES;
				CLANG_WARN_BLOCK_CAPTURE_AUTORELEASING = YES;
				CLANG_WARN_BOOL_CONVERSION = YES;
				CLANG_WARN_COMMA = YES;
				CLANG_WARN_CONSTANT_CONVERSION = YES;
				CLANG_WARN_DEPRECATED_OBJC_IMPLEMENTATIONS = YES;
				CLANG_WARN_DIRECT_OBJC_ISA_USAGE = YES_ERROR;
				CLANG_WARN_DOCUMENTATION_COMMENTS = YES;
				CLANG_WARN_EMPTY_BODY = YES;
				CLANG_WARN_ENUM_CONVERSION = YES;
				CLANG_WARN_INFINITE_RECURSION = YES;
				CLANG_WARN_INT_CONVERSION = YES;
				CLANG_WARN_NON_LITERAL_NULL_CONVERSION = YES;
				CLANG_WARN_OBJC_IMPLICIT_RETAIN_SELF = YES;
				CLANG_WARN_OBJC_LITERAL_CONVERSION = YES;
				CLANG_WARN_OBJC_ROOT_CLASS = YES_ERROR;
				CLANG_WARN_QUOTED_INCLUDE_IN_FRAMEWORK_HEADER = YES;
				CLANG_WARN_RANGE_LOOP_ANALYSIS = YES;
				CLANG_WARN_STRICT_PROTOTYPES = YES;
				CLANG_WARN_SUSPICIOUS_MOVE = YES;
				CLANG_WARN_UNGUARDED_AVAILABILITY = YES_AGGRESSIVE;
				CLANG_WARN_UNREACHABLE_CODE = YES;
				CLANG_WARN__DUPLICATE_METHOD_MATCH = YES;
				COPY_PHASE_STRIP = NO;
				DEBUG_INFORMATION_FORMAT = dwarf;
				ENABLE_STRICT_OBJC_MSGSEND = YES;
				ENABLE_TESTABILITY = YES;
				GCC_C_LANGUAGE_STANDARD = gnu11;
				GCC_DYNAMIC_NO_PIC = NO;
				GCC_NO_COMMON_BLOCKS = YES;
				GCC_OPTIMIZATION_LEVEL = 0;
				GCC_PREPROCESSOR_DEFINITIONS = (
					"DEBUG=1",
					"$(inherited)",
				);
				GCC_WARN_64_TO_32_BIT_CONVERSION = YES;
				GCC_WARN_ABOUT_RETURN_TYPE = YES_ERROR;
				GCC_WARN_UNDECLARED_SELECTOR = YES;
				GCC_WARN_UNINITIALIZED_AUTOS = YES_AGGRESSIVE;
				GCC_WARN_UNUSED_FUNCTION = YES;
				GCC_WARN_UNUSED_VARIABLE = YES;
				IPHONEOS_DEPLOYMENT_TARGET = 16.4;
				MTL_ENABLE_DEBUG_INFO = INCLUDE_SOURCE;
				MTL_FAST_MATH = YES;
				ONLY_ACTIVE_ARCH = YES;
				SDKROOT = iphoneos;
				SWIFT_ACTIVE_COMPILATION_CONDITIONS = DEBUG;
				SWIFT_OPTIMIZATION_LEVEL = "-Onone";
			};
			name = Debug;
		};
		7205FA2F2AAE9945008E6C4C /* Release */ = {
			isa = XCBuildConfiguration;
			buildSettings = {
				ALWAYS_SEARCH_USER_PATHS = NO;
				CLANG_ANALYZER_LOCALIZABILITY_NONLOCALIZED = YES;
				CLANG_ANALYZER_NONNULL = YES;
				CLANG_ANALYZER_NUMBER_OBJECT_CONVERSION = YES_AGGRESSIVE;
				CLANG_CXX_LANGUAGE_STANDARD = "gnu++20";
				CLANG_ENABLE_MODULES = YES;
				CLANG_ENABLE_OBJC_ARC = YES;
				CLANG_ENABLE_OBJC_WEAK = YES;
				CLANG_WARN_BLOCK_CAPTURE_AUTORELEASING = YES;
				CLANG_WARN_BOOL_CONVERSION = YES;
				CLANG_WARN_COMMA = YES;
				CLANG_WARN_CONSTANT_CONVERSION = YES;
				CLANG_WARN_DEPRECATED_OBJC_IMPLEMENTATIONS = YES;
				CLANG_WARN_DIRECT_OBJC_ISA_USAGE = YES_ERROR;
				CLANG_WARN_DOCUMENTATION_COMMENTS = YES;
				CLANG_WARN_EMPTY_BODY = YES;
				CLANG_WARN_ENUM_CONVERSION = YES;
				CLANG_WARN_INFINITE_RECURSION = YES;
				CLANG_WARN_INT_CONVERSION = YES;
				CLANG_WARN_NON_LITERAL_NULL_CONVERSION = YES;
				CLANG_WARN_OBJC_IMPLICIT_RETAIN_SELF = YES;
				CLANG_WARN_OBJC_LITERAL_CONVERSION = YES;
				CLANG_WARN_OBJC_ROOT_CLASS = YES_ERROR;
				CLANG_WARN_QUOTED_INCLUDE_IN_FRAMEWORK_HEADER = YES;
				CLANG_WARN_RANGE_LOOP_ANALYSIS = YES;
				CLANG_WARN_STRICT_PROTOTYPES = YES;
				CLANG_WARN_SUSPICIOUS_MOVE = YES;
				CLANG_WARN_UNGUARDED_AVAILABILITY = YES_AGGRESSIVE;
				CLANG_WARN_UNREACHABLE_CODE = YES;
				CLANG_WARN__DUPLICATE_METHOD_MATCH = YES;
				COPY_PHASE_STRIP = NO;
				DEBUG_INFORMATION_FORMAT = "dwarf-with-dsym";
				ENABLE_NS_ASSERTIONS = NO;
				ENABLE_STRICT_OBJC_MSGSEND = YES;
				GCC_C_LANGUAGE_STANDARD = gnu11;
				GCC_NO_COMMON_BLOCKS = YES;
				GCC_WARN_64_TO_32_BIT_CONVERSION = YES;
				GCC_WARN_ABOUT_RETURN_TYPE = YES_ERROR;
				GCC_WARN_UNDECLARED_SELECTOR = YES;
				GCC_WARN_UNINITIALIZED_AUTOS = YES_AGGRESSIVE;
				GCC_WARN_UNUSED_FUNCTION = YES;
				GCC_WARN_UNUSED_VARIABLE = YES;
				IPHONEOS_DEPLOYMENT_TARGET = 16.4;
				MTL_ENABLE_DEBUG_INFO = NO;
				MTL_FAST_MATH = YES;
				SDKROOT = iphoneos;
				SWIFT_COMPILATION_MODE = wholemodule;
				SWIFT_OPTIMIZATION_LEVEL = "-O";
				VALIDATE_PRODUCT = YES;
			};
			name = Release;
		};
		7205FA312AAE9945008E6C4C /* Debug */ = {
			isa = XCBuildConfiguration;
			buildSettings = {
				ASSETCATALOG_COMPILER_APPICON_NAME = AppIcon;
				ASSETCATALOG_COMPILER_GLOBAL_ACCENT_COLOR_NAME = AccentColor;
				CODE_SIGN_STYLE = Automatic;
				CURRENT_PROJECT_VERSION = 1;
				GENERATE_INFOPLIST_FILE = YES;
				INFOPLIST_FILE = Unsplash/Info.plist;
				INFOPLIST_KEY_UIApplicationSupportsIndirectInputEvents = YES;
				INFOPLIST_KEY_UILaunchStoryboardName = LaunchScreen;
				INFOPLIST_KEY_UIMainStoryboardFile = Main;
				INFOPLIST_KEY_UISupportedInterfaceOrientations_iPad = "UIInterfaceOrientationPortrait UIInterfaceOrientationPortraitUpsideDown UIInterfaceOrientationLandscapeLeft UIInterfaceOrientationLandscapeRight";
				INFOPLIST_KEY_UISupportedInterfaceOrientations_iPhone = "UIInterfaceOrientationPortrait UIInterfaceOrientationLandscapeLeft UIInterfaceOrientationLandscapeRight";
				LD_RUNPATH_SEARCH_PATHS = (
					"$(inherited)",
					"@executable_path/Frameworks",
				);
				MARKETING_VERSION = 1.0;
				PRODUCT_BUNDLE_IDENTIFIER = com.Unsplash;
				PRODUCT_NAME = "$(TARGET_NAME)";
				SWIFT_EMIT_LOC_STRINGS = YES;
				SWIFT_VERSION = 5.0;
				TARGETED_DEVICE_FAMILY = "1,2";
			};
			name = Debug;
		};
		7205FA322AAE9945008E6C4C /* Release */ = {
			isa = XCBuildConfiguration;
			buildSettings = {
				ASSETCATALOG_COMPILER_APPICON_NAME = AppIcon;
				ASSETCATALOG_COMPILER_GLOBAL_ACCENT_COLOR_NAME = AccentColor;
				CODE_SIGN_STYLE = Automatic;
				CURRENT_PROJECT_VERSION = 1;
				GENERATE_INFOPLIST_FILE = YES;
				INFOPLIST_FILE = Unsplash/Info.plist;
				INFOPLIST_KEY_UIApplicationSupportsIndirectInputEvents = YES;
				INFOPLIST_KEY_UILaunchStoryboardName = LaunchScreen;
				INFOPLIST_KEY_UIMainStoryboardFile = Main;
				INFOPLIST_KEY_UISupportedInterfaceOrientations_iPad = "UIInterfaceOrientationPortrait UIInterfaceOrientationPortraitUpsideDown UIInterfaceOrientationLandscapeLeft UIInterfaceOrientationLandscapeRight";
				INFOPLIST_KEY_UISupportedInterfaceOrientations_iPhone = "UIInterfaceOrientationPortrait UIInterfaceOrientationLandscapeLeft UIInterfaceOrientationLandscapeRight";
				LD_RUNPATH_SEARCH_PATHS = (
					"$(inherited)",
					"@executable_path/Frameworks",
				);
				MARKETING_VERSION = 1.0;
				PRODUCT_BUNDLE_IDENTIFIER = com.Unsplash;
				PRODUCT_NAME = "$(TARGET_NAME)";
				SWIFT_EMIT_LOC_STRINGS = YES;
				SWIFT_VERSION = 5.0;
				TARGETED_DEVICE_FAMILY = "1,2";
			};
			name = Release;
		};
/* End XCBuildConfiguration section */

/* Begin XCConfigurationList section */
		7205FA172AAE9944008E6C4C /* Build configuration list for PBXProject "Unsplash" */ = {
			isa = XCConfigurationList;
			buildConfigurations = (
				7205FA2E2AAE9945008E6C4C /* Debug */,
				7205FA2F2AAE9945008E6C4C /* Release */,
			);
			defaultConfigurationIsVisible = 0;
			defaultConfigurationName = Release;
		};
		7205FA302AAE9945008E6C4C /* Build configuration list for PBXNativeTarget "Unsplash" */ = {
			isa = XCConfigurationList;
			buildConfigurations = (
				7205FA312AAE9945008E6C4C /* Debug */,
				7205FA322AAE9945008E6C4C /* Release */,
			);
			defaultConfigurationIsVisible = 0;
			defaultConfigurationName = Release;
		};
/* End XCConfigurationList section */

/* Begin XCRemoteSwiftPackageReference section */
		7205FA532AAFF35C008E6C4C /* XCRemoteSwiftPackageReference "RxSwift" */ = {
			isa = XCRemoteSwiftPackageReference;
			repositoryURL = "https://github.com/ReactiveX/RxSwift.git";
			requirement = {
				kind = upToNextMajorVersion;
				minimumVersion = 6.0.0;
			};
		};
		7205FA792AB1C0DB008E6C4C /* XCRemoteSwiftPackageReference "SnapKit" */ = {
			isa = XCRemoteSwiftPackageReference;
			repositoryURL = "https://github.com/SnapKit/SnapKit.git";
			requirement = {
				kind = upToNextMajorVersion;
				minimumVersion = 5.0.0;
			};
		};
		7205FA7C2AB1C64D008E6C4C /* XCRemoteSwiftPackageReference "Kingfisher" */ = {
			isa = XCRemoteSwiftPackageReference;
			repositoryURL = "https://github.com/onevcat/Kingfisher.git";
			requirement = {
				kind = upToNextMajorVersion;
				minimumVersion = 7.0.0;
			};
		};
/* End XCRemoteSwiftPackageReference section */

/* Begin XCSwiftPackageProductDependency section */
		7205FA542AAFF35D008E6C4C /* RxCocoa */ = {
			isa = XCSwiftPackageProductDependency;
			package = 7205FA532AAFF35C008E6C4C /* XCRemoteSwiftPackageReference "RxSwift" */;
			productName = RxCocoa;
		};
		7205FA562AAFF35D008E6C4C /* RxSwift */ = {
			isa = XCSwiftPackageProductDependency;
			package = 7205FA532AAFF35C008E6C4C /* XCRemoteSwiftPackageReference "RxSwift" */;
			productName = RxSwift;
		};
		7205FA7A2AB1C0DB008E6C4C /* SnapKit */ = {
			isa = XCSwiftPackageProductDependency;
			package = 7205FA792AB1C0DB008E6C4C /* XCRemoteSwiftPackageReference "SnapKit" */;
			productName = SnapKit;
		};
		7205FA7D2AB1C64D008E6C4C /* Kingfisher */ = {
			isa = XCSwiftPackageProductDependency;
			package = 7205FA7C2AB1C64D008E6C4C /* XCRemoteSwiftPackageReference "Kingfisher" */;
			productName = Kingfisher;
		};
/* End XCSwiftPackageProductDependency section */
	};
	rootObject = 7205FA142AAE9944008E6C4C /* Project object */;
}
